
Microsoft Visual Studio Solution File, Format Version 12.00
# Visual Studio Version 17
VisualStudioVersion = 17.3.32901.215
MinimumVisualStudioVersion = 10.0.40219.1
Project("{FAE04EC0-301F-11D3-BF4B-00C04F79EFBC}") = "WindowsFormsApp1", "WindowsFormsApp1\WindowsFormsApp1.csproj", "{9B8009AB-BC1A-4E42-A975-0B63DFD78E07}"
EndProject
Global
	GlobalSection(SolutionConfigurationPlatforms) = preSolution
		Debug|Any CPU = Debug|Any CPU
		Release|Any CPU = Release|Any CPU
	EndGlobalSection
	GlobalSection(ProjectConfigurationPlatforms) = postSolution
		{9B8009AB-BC1A-4E42-A975-0B63DFD78E07}.Debug|Any CPU.ActiveCfg = Debug|Any CPU
		{9B8009AB-BC1A-4E42-A975-0B63DFD78E07}.Debug|Any CPU.Build.0 = Debug|Any CPU
		{9B8009AB-BC1A-4E42-A975-0B63DFD78E07}.Release|Any CPU.ActiveCfg = Release|Any CPU
		{9B8009AB-BC1A-4E42-A975-0B63DFD78E07}.Release|Any CPU.Build.0 = Release|Any CPU
	EndGlobalSection
	GlobalSection(SolutionProperties) = preSolution
		HideSolutionNode = FALSE
	EndGlobalSection
	GlobalSection(ExtensibilityGlobals) = postSolution
		SolutionGuid = {B2383F71-4480-41F3-AD92-0550D21BE026}
	EndGlobalSection
EndGlobal
